
Microsoft Visual Studio Solution File, Format Version 12.00
Project("{FAE04EC0-301F-11D3-BF4B-00C04F79EFBC}") = "PhoneBook_316", "PhoneBook_316\PhoneBook_316.csproj", "{43AA20CD-D526-4DC9-8D06-108940912172}"
EndProject
Global
	GlobalSection(SolutionConfigurationPlatforms) = preSolution
		Debug|Any CPU = Debug|Any CPU
		Release|Any CPU = Release|Any CPU
	EndGlobalSection
	GlobalSection(ProjectConfigurationPlatforms) = postSolution
		{43AA20CD-D526-4DC9-8D06-108940912172}.Debug|Any CPU.ActiveCfg = Debug|Any CPU
		{43AA20CD-D526-4DC9-8D06-108940912172}.Debug|Any CPU.Build.0 = Debug|Any CPU
		{43AA20CD-D526-4DC9-8D06-108940912172}.Release|Any CPU.ActiveCfg = Release|Any CPU
		{43AA20CD-D526-4DC9-8D06-108940912172}.Release|Any CPU.Build.0 = Release|Any CPU
	EndGlobalSection
EndGlobal
